
Microsoft Visual Studio Solution File, Format Version 12.00
# Visual Studio 15
VisualStudioVersion = 15.0.28307.572
MinimumVisualStudioVersion = 10.0.40219.1
Project("{D954291E-2A0B-460D-934E-DC6B0785DB48}") = "SongSelector.Shared", "SongSelector\SongSelector.Shared\SongSelector.Shared.shproj", "{6279C845-92F8-4333-AB99-3D213163593C}"
EndProject
Project("{FAE04EC0-301F-11D3-BF4B-00C04F79EFBC}") = "SongSelector.Droid", "SongSelector\SongSelector.Droid\SongSelector.Droid.csproj", "{FC029222-5108-40CD-9084-4587AB79E4D5}"
EndProject
Project("{FAE04EC0-301F-11D3-BF4B-00C04F79EFBC}") = "SongSelector.iOS", "SongSelector\SongSelector.iOS\SongSelector.iOS.csproj", "{6EB1B1E2-1056-4372-8927-801171BD0C9B}"
EndProject
Project("{FAE04EC0-301F-11D3-BF4B-00C04F79EFBC}") = "SongSelector.UWP", "SongSelector\SongSelector.UWP\SongSelector.UWP.csproj", "{FAC3BB1E-A1AE-428F-B914-8DB5E8B57712}"
EndProject
Project("{9A19103F-16F7-4668-BE54-9A1E7A4F7556}") = "SongSelector.Wasm", "SongSelector\SongSelector.Wasm\SongSelector.Wasm.csproj", "{A0649B47-F4BC-4661-9CF4-BD9BAC3DD371}"
EndProject
Global
	GlobalSection(SharedMSBuildProjectFiles) = preSolution
		SongSelector\SongSelector.Shared\SongSelector.Shared.projitems*{6279c845-92f8-4333-ab99-3d213163593c}*SharedItemsImports = 13
		SongSelector\SongSelector.Shared\SongSelector.Shared.projitems*{6eb1b1e2-1056-4372-8927-801171bd0c9b}*SharedItemsImports = 4
		SongSelector\SongSelector.Shared\SongSelector.Shared.projitems*{fac3bb1e-a1ae-428f-b914-8db5e8b57712}*SharedItemsImports = 4
		SongSelector\SongSelector.Shared\SongSelector.Shared.projitems*{fc029222-5108-40cd-9084-4587ab79e4d5}*SharedItemsImports = 4
	EndGlobalSection
	GlobalSection(SolutionConfigurationPlatforms) = preSolution
		Ad-Hoc|Any CPU = Ad-Hoc|Any CPU
		Ad-Hoc|ARM = Ad-Hoc|ARM
		Ad-Hoc|iPhone = Ad-Hoc|iPhone
		Ad-Hoc|iPhoneSimulator = Ad-Hoc|iPhoneSimulator
		Ad-Hoc|x64 = Ad-Hoc|x64
		Ad-Hoc|x86 = Ad-Hoc|x86
		AppStore|Any CPU = AppStore|Any CPU
		AppStore|ARM = AppStore|ARM
		AppStore|iPhone = AppStore|iPhone
		AppStore|iPhoneSimulator = AppStore|iPhoneSimulator
		AppStore|x64 = AppStore|x64
		AppStore|x86 = AppStore|x86
		Debug|Any CPU = Debug|Any CPU
		Debug|ARM = Debug|ARM
		Debug|iPhone = Debug|iPhone
		Debug|iPhoneSimulator = Debug|iPhoneSimulator
		Debug|x64 = Debug|x64
		Debug|x86 = Debug|x86
		Release|Any CPU = Release|Any CPU
		Release|ARM = Release|ARM
		Release|iPhone = Release|iPhone
		Release|iPhoneSimulator = Release|iPhoneSimulator
		Release|x64 = Release|x64
		Release|x86 = Release|x86
	EndGlobalSection
	GlobalSection(ProjectConfigurationPlatforms) = postSolution
		{FC029222-5108-40CD-9084-4587AB79E4D5}.Ad-Hoc|Any CPU.ActiveCfg = Release|Any CPU
		{FC029222-5108-40CD-9084-4587AB79E4D5}.Ad-Hoc|Any CPU.Build.0 = Release|Any CPU
		{FC029222-5108-40CD-9084-4587AB79E4D5}.Ad-Hoc|Any CPU.Deploy.0 = Release|Any CPU
		{FC029222-5108-40CD-9084-4587AB79E4D5}.Ad-Hoc|ARM.ActiveCfg = Release|Any CPU
		{FC029222-5108-40CD-9084-4587AB79E4D5}.Ad-Hoc|ARM.Build.0 = Release|Any CPU
		{FC029222-5108-40CD-9084-4587AB79E4D5}.Ad-Hoc|ARM.Deploy.0 = Release|Any CPU
		{FC029222-5108-40CD-9084-4587AB79E4D5}.Ad-Hoc|iPhone.ActiveCfg = Release|Any CPU
		{FC029222-5108-40CD-9084-4587AB79E4D5}.Ad-Hoc|iPhone.Build.0 = Release|Any CPU
		{FC029222-5108-40CD-9084-4587AB79E4D5}.Ad-Hoc|iPhone.Deploy.0 = Release|Any CPU
		{FC029222-5108-40CD-9084-4587AB79E4D5}.Ad-Hoc|iPhoneSimulator.ActiveCfg = Release|Any CPU
		{FC029222-5108-40CD-9084-4587AB79E4D5}.Ad-Hoc|iPhoneSimulator.Build.0 = Release|Any CPU
		{FC029222-5108-40CD-9084-4587AB79E4D5}.Ad-Hoc|iPhoneSimulator.Deploy.0 = Release|Any CPU
		{FC029222-5108-40CD-9084-4587AB79E4D5}.Ad-Hoc|x64.ActiveCfg = Release|Any CPU
		{FC029222-5108-40CD-9084-4587AB79E4D5}.Ad-Hoc|x64.Build.0 = Release|Any CPU
		{FC029222-5108-40CD-9084-4587AB79E4D5}.Ad-Hoc|x64.Deploy.0 = Release|Any CPU
		{FC029222-5108-40CD-9084-4587AB79E4D5}.Ad-Hoc|x86.ActiveCfg = Release|Any CPU
		{FC029222-5108-40CD-9084-4587AB79E4D5}.Ad-Hoc|x86.Build.0 = Release|Any CPU
		{FC029222-5108-40CD-9084-4587AB79E4D5}.Ad-Hoc|x86.Deploy.0 = Release|Any CPU
		{FC029222-5108-40CD-9084-4587AB79E4D5}.AppStore|Any CPU.ActiveCfg = Release|Any CPU
		{FC029222-5108-40CD-9084-4587AB79E4D5}.AppStore|Any CPU.Build.0 = Release|Any CPU
		{FC029222-5108-40CD-9084-4587AB79E4D5}.AppStore|Any CPU.Deploy.0 = Release|Any CPU
		{FC029222-5108-40CD-9084-4587AB79E4D5}.AppStore|ARM.ActiveCfg = Release|Any CPU
		{FC029222-5108-40CD-9084-4587AB79E4D5}.AppStore|ARM.Build.0 = Release|Any CPU
		{FC029222-5108-40CD-9084-4587AB79E4D5}.AppStore|ARM.Deploy.0 = Release|Any CPU
		{FC029222-5108-40CD-9084-4587AB79E4D5}.AppStore|iPhone.ActiveCfg = Release|Any CPU
		{FC029222-5108-40CD-9084-4587AB79E4D5}.AppStore|iPhone.Build.0 = Release|Any CPU
		{FC029222-5108-40CD-9084-4587AB79E4D5}.AppStore|iPhone.Deploy.0 = Release|Any CPU
		{FC029222-5108-40CD-9084-4587AB79E4D5}.AppStore|iPhoneSimulator.ActiveCfg = Release|Any CPU
		{FC029222-5108-40CD-9084-4587AB79E4D5}.AppStore|iPhoneSimulator.Build.0 = Release|Any CPU
		{FC029222-5108-40CD-9084-4587AB79E4D5}.AppStore|iPhoneSimulator.Deploy.0 = Release|Any CPU
		{FC029222-5108-40CD-9084-4587AB79E4D5}.AppStore|x64.ActiveCfg = Release|Any CPU
		{FC029222-5108-40CD-9084-4587AB79E4D5}.AppStore|x64.Build.0 = Release|Any CPU
		{FC029222-5108-40CD-9084-4587AB79E4D5}.AppStore|x64.Deploy.0 = Release|Any CPU
		{FC029222-5108-40CD-9084-4587AB79E4D5}.AppStore|x86.ActiveCfg = Release|Any CPU
		{FC029222-5108-40CD-9084-4587AB79E4D5}.AppStore|x86.Build.0 = Release|Any CPU
		{FC029222-5108-40CD-9084-4587AB79E4D5}.AppStore|x86.Deploy.0 = Release|Any CPU
		{FC029222-5108-40CD-9084-4587AB79E4D5}.Debug|Any CPU.ActiveCfg = Debug|Any CPU
		{FC029222-5108-40CD-9084-4587AB79E4D5}.Debug|Any CPU.Build.0 = Debug|Any CPU
		{FC029222-5108-40CD-9084-4587AB79E4D5}.Debug|Any CPU.Deploy.0 = Debug|Any CPU
		{FC029222-5108-40CD-9084-4587AB79E4D5}.Debug|ARM.ActiveCfg = Debug|Any CPU
		{FC029222-5108-40CD-9084-4587AB79E4D5}.Debug|ARM.Build.0 = Debug|Any CPU
		{FC029222-5108-40CD-9084-4587AB79E4D5}.Debug|ARM.Deploy.0 = Debug|Any CPU
		{FC029222-5108-40CD-9084-4587AB79E4D5}.Debug|iPhone.ActiveCfg = Debug|Any CPU
		{FC029222-5108-40CD-9084-4587AB79E4D5}.Debug|iPhone.Build.0 = Debug|Any CPU
		{FC029222-5108-40CD-9084-4587AB79E4D5}.Debug|iPhone.Deploy.0 = Debug|Any CPU
		{FC029222-5108-40CD-9084-4587AB79E4D5}.Debug|iPhoneSimulator.ActiveCfg = Debug|Any CPU
		{FC029222-5108-40CD-9084-4587AB79E4D5}.Debug|iPhoneSimulator.Build.0 = Debug|Any CPU
		{FC029222-5108-40CD-9084-4587AB79E4D5}.Debug|iPhoneSimulator.Deploy.0 = Debug|Any CPU
		{FC029222-5108-40CD-9084-4587AB79E4D5}.Debug|x64.ActiveCfg = Debug|Any CPU
		{FC029222-5108-40CD-9084-4587AB79E4D5}.Debug|x64.Build.0 = Debug|Any CPU
		{FC029222-5108-40CD-9084-4587AB79E4D5}.Debug|x64.Deploy.0 = Debug|Any CPU
		{FC029222-5108-40CD-9084-4587AB79E4D5}.Debug|x86.ActiveCfg = Debug|Any CPU
		{FC029222-5108-40CD-9084-4587AB79E4D5}.Debug|x86.Build.0 = Debug|Any CPU
		{FC029222-5108-40CD-9084-4587AB79E4D5}.Debug|x86.Deploy.0 = Debug|Any CPU
		{FC029222-5108-40CD-9084-4587AB79E4D5}.Release|Any CPU.ActiveCfg = Release|Any CPU
		{FC029222-5108-40CD-9084-4587AB79E4D5}.Release|Any CPU.Build.0 = Release|Any CPU
		{FC029222-5108-40CD-9084-4587AB79E4D5}.Release|Any CPU.Deploy.0 = Release|Any CPU
		{FC029222-5108-40CD-9084-4587AB79E4D5}.Release|ARM.ActiveCfg = Release|Any CPU
		{FC029222-5108-40CD-9084-4587AB79E4D5}.Release|ARM.Build.0 = Release|Any CPU
		{FC029222-5108-40CD-9084-4587AB79E4D5}.Release|ARM.Deploy.0 = Release|Any CPU
		{FC029222-5108-40CD-9084-4587AB79E4D5}.Release|iPhone.ActiveCfg = Release|Any CPU
		{FC029222-5108-40CD-9084-4587AB79E4D5}.Release|iPhone.Build.0 = Release|Any CPU
		{FC029222-5108-40CD-9084-4587AB79E4D5}.Release|iPhone.Deploy.0 = Release|Any CPU
		{FC029222-5108-40CD-9084-4587AB79E4D5}.Release|iPhoneSimulator.ActiveCfg = Release|Any CPU
		{FC029222-5108-40CD-9084-4587AB79E4D5}.Release|iPhoneSimulator.Build.0 = Release|Any CPU
		{FC029222-5108-40CD-9084-4587AB79E4D5}.Release|iPhoneSimulator.Deploy.0 = Release|Any CPU
		{FC029222-5108-40CD-9084-4587AB79E4D5}.Release|x64.ActiveCfg = Release|Any CPU
		{FC029222-5108-40CD-9084-4587AB79E4D5}.Release|x64.Build.0 = Release|Any CPU
		{FC029222-5108-40CD-9084-4587AB79E4D5}.Release|x64.Deploy.0 = Release|Any CPU
		{FC029222-5108-40CD-9084-4587AB79E4D5}.Release|x86.ActiveCfg = Release|Any CPU
		{FC029222-5108-40CD-9084-4587AB79E4D5}.Release|x86.Build.0 = Release|Any CPU
		{FC029222-5108-40CD-9084-4587AB79E4D5}.Release|x86.Deploy.0 = Release|Any CPU
		{6EB1B1E2-1056-4372-8927-801171BD0C9B}.Ad-Hoc|Any CPU.ActiveCfg = Ad-Hoc|iPhone
		{6EB1B1E2-1056-4372-8927-801171BD0C9B}.Ad-Hoc|ARM.ActiveCfg = Ad-Hoc|iPhone
		{6EB1B1E2-1056-4372-8927-801171BD0C9B}.Ad-Hoc|iPhone.ActiveCfg = Ad-Hoc|iPhone
		{6EB1B1E2-1056-4372-8927-801171BD0C9B}.Ad-Hoc|iPhone.Build.0 = Ad-Hoc|iPhone
		{6EB1B1E2-1056-4372-8927-801171BD0C9B}.Ad-Hoc|iPhoneSimulator.ActiveCfg = Ad-Hoc|iPhoneSimulator
		{6EB1B1E2-1056-4372-8927-801171BD0C9B}.Ad-Hoc|iPhoneSimulator.Build.0 = Ad-Hoc|iPhoneSimulator
		{6EB1B1E2-1056-4372-8927-801171BD0C9B}.Ad-Hoc|x64.ActiveCfg = Ad-Hoc|iPhone
		{6EB1B1E2-1056-4372-8927-801171BD0C9B}.Ad-Hoc|x86.ActiveCfg = Ad-Hoc|iPhone
		{6EB1B1E2-1056-4372-8927-801171BD0C9B}.AppStore|Any CPU.ActiveCfg = AppStore|iPhone
		{6EB1B1E2-1056-4372-8927-801171BD0C9B}.AppStore|ARM.ActiveCfg = AppStore|iPhone
		{6EB1B1E2-1056-4372-8927-801171BD0C9B}.AppStore|iPhone.ActiveCfg = AppStore|iPhone
		{6EB1B1E2-1056-4372-8927-801171BD0C9B}.AppStore|iPhone.Build.0 = AppStore|iPhone
		{6EB1B1E2-1056-4372-8927-801171BD0C9B}.AppStore|iPhoneSimulator.ActiveCfg = AppStore|iPhoneSimulator
		{6EB1B1E2-1056-4372-8927-801171BD0C9B}.AppStore|iPhoneSimulator.Build.0 = AppStore|iPhoneSimulator
		{6EB1B1E2-1056-4372-8927-801171BD0C9B}.AppStore|x64.ActiveCfg = AppStore|iPhone
		{6EB1B1E2-1056-4372-8927-801171BD0C9B}.AppStore|x86.ActiveCfg = AppStore|iPhone
		{6EB1B1E2-1056-4372-8927-801171BD0C9B}.Debug|Any CPU.ActiveCfg = Debug|iPhone
		{6EB1B1E2-1056-4372-8927-801171BD0C9B}.Debug|ARM.ActiveCfg = Debug|iPhone
		{6EB1B1E2-1056-4372-8927-801171BD0C9B}.Debug|iPhone.ActiveCfg = Debug|iPhone
		{6EB1B1E2-1056-4372-8927-801171BD0C9B}.Debug|iPhone.Build.0 = Debug|iPhone
		{6EB1B1E2-1056-4372-8927-801171BD0C9B}.Debug|iPhoneSimulator.ActiveCfg = Debug|iPhoneSimulator
		{6EB1B1E2-1056-4372-8927-801171BD0C9B}.Debug|iPhoneSimulator.Build.0 = Debug|iPhoneSimulator
		{6EB1B1E2-1056-4372-8927-801171BD0C9B}.Debug|x64.ActiveCfg = Debug|iPhone
		{6EB1B1E2-1056-4372-8927-801171BD0C9B}.Debug|x86.ActiveCfg = Debug|iPhone
		{6EB1B1E2-1056-4372-8927-801171BD0C9B}.Release|Any CPU.ActiveCfg = Release|iPhone
		{6EB1B1E2-1056-4372-8927-801171BD0C9B}.Release|ARM.ActiveCfg = Release|iPhone
		{6EB1B1E2-1056-4372-8927-801171BD0C9B}.Release|iPhone.ActiveCfg = Release|iPhone
		{6EB1B1E2-1056-4372-8927-801171BD0C9B}.Release|iPhone.Build.0 = Release|iPhone
		{6EB1B1E2-1056-4372-8927-801171BD0C9B}.Release|iPhoneSimulator.ActiveCfg = Release|iPhoneSimulator
		{6EB1B1E2-1056-4372-8927-801171BD0C9B}.Release|iPhoneSimulator.Build.0 = Release|iPhoneSimulator
		{6EB1B1E2-1056-4372-8927-801171BD0C9B}.Release|x64.ActiveCfg = Release|iPhone
		{6EB1B1E2-1056-4372-8927-801171BD0C9B}.Release|x86.ActiveCfg = Release|iPhone
		{FAC3BB1E-A1AE-428F-B914-8DB5E8B57712}.Ad-Hoc|Any CPU.ActiveCfg = Release|x64
		{FAC3BB1E-A1AE-428F-B914-8DB5E8B57712}.Ad-Hoc|Any CPU.Build.0 = Release|x64
		{FAC3BB1E-A1AE-428F-B914-8DB5E8B57712}.Ad-Hoc|Any CPU.Deploy.0 = Release|x64
		{FAC3BB1E-A1AE-428F-B914-8DB5E8B57712}.Ad-Hoc|ARM.ActiveCfg = Release|ARM
		{FAC3BB1E-A1AE-428F-B914-8DB5E8B57712}.Ad-Hoc|ARM.Build.0 = Release|ARM
		{FAC3BB1E-A1AE-428F-B914-8DB5E8B57712}.Ad-Hoc|ARM.Deploy.0 = Release|ARM
		{FAC3BB1E-A1AE-428F-B914-8DB5E8B57712}.Ad-Hoc|iPhone.ActiveCfg = Release|x64
		{FAC3BB1E-A1AE-428F-B914-8DB5E8B57712}.Ad-Hoc|iPhone.Build.0 = Release|x64
		{FAC3BB1E-A1AE-428F-B914-8DB5E8B57712}.Ad-Hoc|iPhone.Deploy.0 = Release|x64
		{FAC3BB1E-A1AE-428F-B914-8DB5E8B57712}.Ad-Hoc|iPhoneSimulator.ActiveCfg = Release|x64
		{FAC3BB1E-A1AE-428F-B914-8DB5E8B57712}.Ad-Hoc|iPhoneSimulator.Build.0 = Release|x64
		{FAC3BB1E-A1AE-428F-B914-8DB5E8B57712}.Ad-Hoc|iPhoneSimulator.Deploy.0 = Release|x64
		{FAC3BB1E-A1AE-428F-B914-8DB5E8B57712}.Ad-Hoc|x64.ActiveCfg = Release|x64
		{FAC3BB1E-A1AE-428F-B914-8DB5E8B57712}.Ad-Hoc|x64.Build.0 = Release|x64
		{FAC3BB1E-A1AE-428F-B914-8DB5E8B57712}.Ad-Hoc|x64.Deploy.0 = Release|x64
		{FAC3BB1E-A1AE-428F-B914-8DB5E8B57712}.Ad-Hoc|x86.ActiveCfg = Release|x86
		{FAC3BB1E-A1AE-428F-B914-8DB5E8B57712}.Ad-Hoc|x86.Build.0 = Release|x86
		{FAC3BB1E-A1AE-428F-B914-8DB5E8B57712}.Ad-Hoc|x86.Deploy.0 = Release|x86
		{FAC3BB1E-A1AE-428F-B914-8DB5E8B57712}.AppStore|Any CPU.ActiveCfg = Release|x64
		{FAC3BB1E-A1AE-428F-B914-8DB5E8B57712}.AppStore|Any CPU.Build.0 = Release|x64
		{FAC3BB1E-A1AE-428F-B914-8DB5E8B57712}.AppStore|Any CPU.Deploy.0 = Release|x64
		{FAC3BB1E-A1AE-428F-B914-8DB5E8B57712}.AppStore|ARM.ActiveCfg = Release|ARM
		{FAC3BB1E-A1AE-428F-B914-8DB5E8B57712}.AppStore|ARM.Build.0 = Release|ARM
		{FAC3BB1E-A1AE-428F-B914-8DB5E8B57712}.AppStore|ARM.Deploy.0 = Release|ARM
		{FAC3BB1E-A1AE-428F-B914-8DB5E8B57712}.AppStore|iPhone.ActiveCfg = Release|x64
		{FAC3BB1E-A1AE-428F-B914-8DB5E8B57712}.AppStore|iPhone.Build.0 = Release|x64
		{FAC3BB1E-A1AE-428F-B914-8DB5E8B57712}.AppStore|iPhone.Deploy.0 = Release|x64
		{FAC3BB1E-A1AE-428F-B914-8DB5E8B57712}.AppStore|iPhoneSimulator.ActiveCfg = Release|x64
		{FAC3BB1E-A1AE-428F-B914-8DB5E8B57712}.AppStore|iPhoneSimulator.Build.0 = Release|x64
		{FAC3BB1E-A1AE-428F-B914-8DB5E8B57712}.AppStore|iPhoneSimulator.Deploy.0 = Release|x64
		{FAC3BB1E-A1AE-428F-B914-8DB5E8B57712}.AppStore|x64.ActiveCfg = Release|x64
		{FAC3BB1E-A1AE-428F-B914-8DB5E8B57712}.AppStore|x64.Build.0 = Release|x64
		{FAC3BB1E-A1AE-428F-B914-8DB5E8B57712}.AppStore|x64.Deploy.0 = Release|x64
		{FAC3BB1E-A1AE-428F-B914-8DB5E8B57712}.AppStore|x86.ActiveCfg = Release|x86
		{FAC3BB1E-A1AE-428F-B914-8DB5E8B57712}.AppStore|x86.Build.0 = Release|x86
		{FAC3BB1E-A1AE-428F-B914-8DB5E8B57712}.AppStore|x86.Deploy.0 = Release|x86
		{FAC3BB1E-A1AE-428F-B914-8DB5E8B57712}.Debug|Any CPU.ActiveCfg = Debug|x86
		{FAC3BB1E-A1AE-428F-B914-8DB5E8B57712}.Debug|ARM.ActiveCfg = Debug|ARM
		{FAC3BB1E-A1AE-428F-B914-8DB5E8B57712}.Debug|ARM.Build.0 = Debug|ARM
		{FAC3BB1E-A1AE-428F-B914-8DB5E8B57712}.Debug|ARM.Deploy.0 = Debug|ARM
		{FAC3BB1E-A1AE-428F-B914-8DB5E8B57712}.Debug|iPhone.ActiveCfg = Debug|x86
		{FAC3BB1E-A1AE-428F-B914-8DB5E8B57712}.Debug|iPhoneSimulator.ActiveCfg = Debug|x86
		{FAC3BB1E-A1AE-428F-B914-8DB5E8B57712}.Debug|x64.ActiveCfg = Debug|x64
		{FAC3BB1E-A1AE-428F-B914-8DB5E8B57712}.Debug|x64.Build.0 = Debug|x64
		{FAC3BB1E-A1AE-428F-B914-8DB5E8B57712}.Debug|x64.Deploy.0 = Debug|x64
		{FAC3BB1E-A1AE-428F-B914-8DB5E8B57712}.Debug|x86.ActiveCfg = Debug|x86
		{FAC3BB1E-A1AE-428F-B914-8DB5E8B57712}.Debug|x86.Build.0 = Debug|x86
		{FAC3BB1E-A1AE-428F-B914-8DB5E8B57712}.Debug|x86.Deploy.0 = Debug|x86
		{FAC3BB1E-A1AE-428F-B914-8DB5E8B57712}.Release|Any CPU.ActiveCfg = Release|x86
		{FAC3BB1E-A1AE-428F-B914-8DB5E8B57712}.Release|ARM.ActiveCfg = Release|ARM
		{FAC3BB1E-A1AE-428F-B914-8DB5E8B57712}.Release|ARM.Build.0 = Release|ARM
		{FAC3BB1E-A1AE-428F-B914-8DB5E8B57712}.Release|ARM.Deploy.0 = Release|ARM
		{FAC3BB1E-A1AE-428F-B914-8DB5E8B57712}.Release|iPhone.ActiveCfg = Release|x86
		{FAC3BB1E-A1AE-428F-B914-8DB5E8B57712}.Release|iPhoneSimulator.ActiveCfg = Release|x86
		{FAC3BB1E-A1AE-428F-B914-8DB5E8B57712}.Release|x64.ActiveCfg = Release|x64
		{FAC3BB1E-A1AE-428F-B914-8DB5E8B57712}.Release|x64.Build.0 = Release|x64
		{FAC3BB1E-A1AE-428F-B914-8DB5E8B57712}.Release|x64.Deploy.0 = Release|x64
		{FAC3BB1E-A1AE-428F-B914-8DB5E8B57712}.Release|x86.ActiveCfg = Release|x86
		{FAC3BB1E-A1AE-428F-B914-8DB5E8B57712}.Release|x86.Build.0 = Release|x86
		{FAC3BB1E-A1AE-428F-B914-8DB5E8B57712}.Release|x86.Deploy.0 = Release|x86
		{A0649B47-F4BC-4661-9CF4-BD9BAC3DD371}.Ad-Hoc|Any CPU.ActiveCfg = Debug|Any CPU
		{A0649B47-F4BC-4661-9CF4-BD9BAC3DD371}.Ad-Hoc|Any CPU.Build.0 = Debug|Any CPU
		{A0649B47-F4BC-4661-9CF4-BD9BAC3DD371}.Ad-Hoc|ARM.ActiveCfg = Debug|Any CPU
		{A0649B47-F4BC-4661-9CF4-BD9BAC3DD371}.Ad-Hoc|ARM.Build.0 = Debug|Any CPU
		{A0649B47-F4BC-4661-9CF4-BD9BAC3DD371}.Ad-Hoc|iPhone.ActiveCfg = Debug|Any CPU
		{A0649B47-F4BC-4661-9CF4-BD9BAC3DD371}.Ad-Hoc|iPhone.Build.0 = Debug|Any CPU
		{A0649B47-F4BC-4661-9CF4-BD9BAC3DD371}.Ad-Hoc|iPhoneSimulator.ActiveCfg = Debug|Any CPU
		{A0649B47-F4BC-4661-9CF4-BD9BAC3DD371}.Ad-Hoc|iPhoneSimulator.Build.0 = Debug|Any CPU
		{A0649B47-F4BC-4661-9CF4-BD9BAC3DD371}.Ad-Hoc|x64.ActiveCfg = Debug|Any CPU
		{A0649B47-F4BC-4661-9CF4-BD9BAC3DD371}.Ad-Hoc|x64.Build.0 = Debug|Any CPU
		{A0649B47-F4BC-4661-9CF4-BD9BAC3DD371}.Ad-Hoc|x86.ActiveCfg = Debug|Any CPU
		{A0649B47-F4BC-4661-9CF4-BD9BAC3DD371}.Ad-Hoc|x86.Build.0 = Debug|Any CPU
		{A0649B47-F4BC-4661-9CF4-BD9BAC3DD371}.AppStore|Any CPU.ActiveCfg = Debug|Any CPU
		{A0649B47-F4BC-4661-9CF4-BD9BAC3DD371}.AppStore|Any CPU.Build.0 = Debug|Any CPU
		{A0649B47-F4BC-4661-9CF4-BD9BAC3DD371}.AppStore|ARM.ActiveCfg = Debug|Any CPU
		{A0649B47-F4BC-4661-9CF4-BD9BAC3DD371}.AppStore|ARM.Build.0 = Debug|Any CPU
		{A0649B47-F4BC-4661-9CF4-BD9BAC3DD371}.AppStore|iPhone.ActiveCfg = Debug|Any CPU
		{A0649B47-F4BC-4661-9CF4-BD9BAC3DD371}.AppStore|iPhone.Build.0 = Debug|Any CPU
		{A0649B47-F4BC-4661-9CF4-BD9BAC3DD371}.AppStore|iPhoneSimulator.ActiveCfg = Debug|Any CPU
		{A0649B47-F4BC-4661-9CF4-BD9BAC3DD371}.AppStore|iPhoneSimulator.Build.0 = Debug|Any CPU
		{A0649B47-F4BC-4661-9CF4-BD9BAC3DD371}.AppStore|x64.ActiveCfg = Debug|Any CPU
		{A0649B47-F4BC-4661-9CF4-BD9BAC3DD371}.AppStore|x64.Build.0 = Debug|Any CPU
		{A0649B47-F4BC-4661-9CF4-BD9BAC3DD371}.AppStore|x86.ActiveCfg = Debug|Any CPU
		{A0649B47-F4BC-4661-9CF4-BD9BAC3DD371}.AppStore|x86.Build.0 = Debug|Any CPU
		{A0649B47-F4BC-4661-9CF4-BD9BAC3DD371}.Debug|Any CPU.ActiveCfg = Debug|Any CPU
		{A0649B47-F4BC-4661-9CF4-BD9BAC3DD371}.Debug|Any CPU.Build.0 = Debug|Any CPU
		{A0649B47-F4BC-4661-9CF4-BD9BAC3DD371}.Debug|ARM.ActiveCfg = Debug|Any CPU
		{A0649B47-F4BC-4661-9CF4-BD9BAC3DD371}.Debug|ARM.Build.0 = Debug|Any CPU
		{A0649B47-F4BC-4661-9CF4-BD9BAC3DD371}.Debug|iPhone.ActiveCfg = Debug|Any CPU
		{A0649B47-F4BC-4661-9CF4-BD9BAC3DD371}.Debug|iPhone.Build.0 = Debug|Any CPU
		{A0649B47-F4BC-4661-9CF4-BD9BAC3DD371}.Debug|iPhoneSimulator.ActiveCfg = Debug|Any CPU
		{A0649B47-F4BC-4661-9CF4-BD9BAC3DD371}.Debug|iPhoneSimulator.Build.0 = Debug|Any CPU
		{A0649B47-F4BC-4661-9CF4-BD9BAC3DD371}.Debug|x64.ActiveCfg = Debug|Any CPU
		{A0649B47-F4BC-4661-9CF4-BD9BAC3DD371}.Debug|x64.Build.0 = Debug|Any CPU
		{A0649B47-F4BC-4661-9CF4-BD9BAC3DD371}.Debug|x86.ActiveCfg = Debug|Any CPU
		{A0649B47-F4BC-4661-9CF4-BD9BAC3DD371}.Debug|x86.Build.0 = Debug|Any CPU
		{A0649B47-F4BC-4661-9CF4-BD9BAC3DD371}.Release|Any CPU.ActiveCfg = Release|Any CPU
		{A0649B47-F4BC-4661-9CF4-BD9BAC3DD371}.Release|Any CPU.Build.0 = Release|Any CPU
		{A0649B47-F4BC-4661-9CF4-BD9BAC3DD371}.Release|ARM.ActiveCfg = Release|Any CPU
		{A0649B47-F4BC-4661-9CF4-BD9BAC3DD371}.Release|ARM.Build.0 = Release|Any CPU
		{A0649B47-F4BC-4661-9CF4-BD9BAC3DD371}.Release|iPhone.ActiveCfg = Release|Any CPU
		{A0649B47-F4BC-4661-9CF4-BD9BAC3DD371}.Release|iPhone.Build.0 = Release|Any CPU
		{A0649B47-F4BC-4661-9CF4-BD9BAC3DD371}.Release|iPhoneSimulator.ActiveCfg = Release|Any CPU
		{A0649B47-F4BC-4661-9CF4-BD9BAC3DD371}.Release|iPhoneSimulator.Build.0 = Release|Any CPU
		{A0649B47-F4BC-4661-9CF4-BD9BAC3DD371}.Release|x64.ActiveCfg = Release|Any CPU
		{A0649B47-F4BC-4661-9CF4-BD9BAC3DD371}.Release|x64.Build.0 = Release|Any CPU
		{A0649B47-F4BC-4661-9CF4-BD9BAC3DD371}.Release|x86.ActiveCfg = Release|Any CPU
		{A0649B47-F4BC-4661-9CF4-BD9BAC3DD371}.Release|x86.Build.0 = Release|Any CPU
	EndGlobalSection
	GlobalSection(SolutionProperties) = preSolution
		HideSolutionNode = FALSE
	EndGlobalSection
	GlobalSection(ExtensibilityGlobals) = postSolution
		SolutionGuid = {EE9F66ED-EBF4-431B-8332-DA841F5DB3A2}
	EndGlobalSection
EndGlobal
